
Microsoft Visual Studio Solution File, Format Version 11.00
# Visual Studio 2010
Project("{FAE04EC0-301F-11D3-BF4B-00C04F79EFBC}") = "Assembly-CSharp", "Assembly-CSharp.csproj", "{599585AA-33CB-EC34-BE1C-36CB55A2E383}"
EndProject
Global
	GlobalSection(SolutionConfigurationPlatforms) = preSolution
		Debug|Any CPU = Debug|Any CPU
		Release|Any CPU = Release|Any CPU
	EndGlobalSection
	GlobalSection(ProjectConfigurationPlatforms) = postSolution
		{599585AA-33CB-EC34-BE1C-36CB55A2E383}.Debug|Any CPU.ActiveCfg = Debug|Any CPU
		{599585AA-33CB-EC34-BE1C-36CB55A2E383}.Debug|Any CPU.Build.0 = Debug|Any CPU
		{599585AA-33CB-EC34-BE1C-36CB55A2E383}.Release|Any CPU.ActiveCfg = Release|Any CPU
		{599585AA-33CB-EC34-BE1C-36CB55A2E383}.Release|Any CPU.Build.0 = Release|Any CPU
	EndGlobalSection
	GlobalSection(SolutionProperties) = preSolution
		HideSolutionNode = FALSE
	EndGlobalSection
EndGlobal
